
Microsoft Visual Studio Solution File, Format Version 12.00
# Visual Studio Version 16
VisualStudioVersion = 16.0.30011.22
MinimumVisualStudioVersion = 10.0.40219.1
Project("{9A19103F-16F7-4668-BE54-9A1E7A4F7556}") = "MyBlazorApp.Server", "MyBlazorApp\Server\MyBlazorApp.Server.csproj", "{DD4F71B6-3729-4C82-843D-30B2FAD68686}"
EndProject
Project("{9A19103F-16F7-4668-BE54-9A1E7A4F7556}") = "MyBlazorApp.Client", "MyBlazorApp\Client\MyBlazorApp.Client.csproj", "{CF3011C1-629F-4D04-8627-316897CFD8DF}"
EndProject
Project("{9A19103F-16F7-4668-BE54-9A1E7A4F7556}") = "MyBlazorApp.Shared", "MyBlazorApp\Shared\MyBlazorApp.Shared.csproj", "{67DB383E-F1D0-42DD-B549-04A848923A8D}"
EndProject
Global
	GlobalSection(SolutionConfigurationPlatforms) = preSolution
		Debug|Any CPU = Debug|Any CPU
		Release|Any CPU = Release|Any CPU
	EndGlobalSection
	GlobalSection(ProjectConfigurationPlatforms) = postSolution
		{DD4F71B6-3729-4C82-843D-30B2FAD68686}.Debug|Any CPU.ActiveCfg = Debug|Any CPU
		{DD4F71B6-3729-4C82-843D-30B2FAD68686}.Debug|Any CPU.Build.0 = Debug|Any CPU
		{DD4F71B6-3729-4C82-843D-30B2FAD68686}.Release|Any CPU.ActiveCfg = Release|Any CPU
		{DD4F71B6-3729-4C82-843D-30B2FAD68686}.Release|Any CPU.Build.0 = Release|Any CPU
		{CF3011C1-629F-4D04-8627-316897CFD8DF}.Debug|Any CPU.ActiveCfg = Debug|Any CPU
		{CF3011C1-629F-4D04-8627-316897CFD8DF}.Debug|Any CPU.Build.0 = Debug|Any CPU
		{CF3011C1-629F-4D04-8627-316897CFD8DF}.Release|Any CPU.ActiveCfg = Release|Any CPU
		{CF3011C1-629F-4D04-8627-316897CFD8DF}.Release|Any CPU.Build.0 = Release|Any CPU
		{67DB383E-F1D0-42DD-B549-04A848923A8D}.Debug|Any CPU.ActiveCfg = Debug|Any CPU
		{67DB383E-F1D0-42DD-B549-04A848923A8D}.Debug|Any CPU.Build.0 = Debug|Any CPU
		{67DB383E-F1D0-42DD-B549-04A848923A8D}.Release|Any CPU.ActiveCfg = Release|Any CPU
		{67DB383E-F1D0-42DD-B549-04A848923A8D}.Release|Any CPU.Build.0 = Release|Any CPU
	EndGlobalSection
	GlobalSection(SolutionProperties) = preSolution
		HideSolutionNode = FALSE
	EndGlobalSection
	GlobalSection(ExtensibilityGlobals) = postSolution
		SolutionGuid = {FBFE00E8-582B-49D6-853E-61294BA36B54}
	EndGlobalSection
EndGlobal
